
Microsoft Visual Studio Solution File, Format Version 12.00
# Visual Studio Version 16
VisualStudioVersion = 16.0.29409.12
MinimumVisualStudioVersion = 10.0.40219.1
Project("{FAE04EC0-301F-11D3-BF4B-00C04F79EFBC}") = "LoadNormalizer", "LoadWatcher\LoadNormalizer.csproj", "{FD0DCBF1-9FD5-406E-B3C2-295516439AEF}"
EndProject
Global
	GlobalSection(SolutionConfigurationPlatforms) = preSolution
		Debug|Any CPU = Debug|Any CPU
		Release|Any CPU = Release|Any CPU
	EndGlobalSection
	GlobalSection(ProjectConfigurationPlatforms) = postSolution
		{FD0DCBF1-9FD5-406E-B3C2-295516439AEF}.Debug|Any CPU.ActiveCfg = Debug|Any CPU
		{FD0DCBF1-9FD5-406E-B3C2-295516439AEF}.Debug|Any CPU.Build.0 = Debug|Any CPU
		{FD0DCBF1-9FD5-406E-B3C2-295516439AEF}.Release|Any CPU.ActiveCfg = Release|Any CPU
		{FD0DCBF1-9FD5-406E-B3C2-295516439AEF}.Release|Any CPU.Build.0 = Release|Any CPU
	EndGlobalSection
	GlobalSection(SolutionProperties) = preSolution
		HideSolutionNode = FALSE
	EndGlobalSection
	GlobalSection(ExtensibilityGlobals) = postSolution
		SolutionGuid = {D189E5B1-DE43-48F0-A622-178DB5239DAF}
	EndGlobalSection
EndGlobal
